// !$*UTF8*$!
{
	archiveVersion = 1;
	classes = {
	};
	objectVersion = 55;
	objects = {

/* Begin PBXBuildFile section */
		6F6E7F7227FE08C300497AE0 /* AppDelegate.swift in Sources */ = {isa = PBXBuildFile; fileRef = 6F6E7F7127FE08C300497AE0 /* AppDelegate.swift */; };
		6F6E7F7427FE08C300497AE0 /* SceneDelegate.swift in Sources */ = {isa = PBXBuildFile; fileRef = 6F6E7F7327FE08C300497AE0 /* SceneDelegate.swift */; };
		6F6E7F7627FE08C300497AE0 /* ViewController.swift in Sources */ = {isa = PBXBuildFile; fileRef = 6F6E7F7527FE08C300497AE0 /* ViewController.swift */; };
		6F6E7F7927FE08C300497AE0 /* Main.storyboard in Resources */ = {isa = PBXBuildFile; fileRef = 6F6E7F7727FE08C300497AE0 /* Main.storyboard */; };
		6F6E7F7B27FE08C400497AE0 /* Assets.xcassets in Resources */ = {isa = PBXBuildFile; fileRef = 6F6E7F7A27FE08C400497AE0 /* Assets.xcassets */; };
		6F6E7F7E27FE08C400497AE0 /* LaunchScreen.storyboard in Resources */ = {isa = PBXBuildFile; fileRef = 6F6E7F7C27FE08C400497AE0 /* LaunchScreen.storyboard */; };
		6F6E7F8827FE095A00497AE0 /* DifficultySection.swift in Sources */ = {isa = PBXBuildFile; fileRef = 6F6E7F8727FE095A00497AE0 /* DifficultySection.swift */; };
		6F6E7F8A27FE09A400497AE0 /* RoundSection.swift in Sources */ = {isa = PBXBuildFile; fileRef = 6F6E7F8927FE09A400497AE0 /* RoundSection.swift */; };
		6F6E7F8C27FE1A2C00497AE0 /* DoneRoundSection.swift in Sources */ = {isa = PBXBuildFile; fileRef = 6F6E7F8B27FE1A2C00497AE0 /* DoneRoundSection.swift */; };
		6F6E7F8F27FE1DE500497AE0 /* GameViewController.swift in Sources */ = {isa = PBXBuildFile; fileRef = 6F6E7F8E27FE1DE500497AE0 /* GameViewController.swift */; };
		6F6E7F9327FE26AD00497AE0 /* GameInfoModel.swift in Sources */ = {isa = PBXBuildFile; fileRef = 6F6E7F9227FE26AD00497AE0 /* GameInfoModel.swift */; };
/* End PBXBuildFile section */

/* Begin PBXFileReference section */
		6F6E7F6E27FE08C300497AE0 /* MathGame.app */ = {isa = PBXFileReference; explicitFileType = wrapper.application; includeInIndex = 0; path = MathGame.app; sourceTree = BUILT_PRODUCTS_DIR; };
		6F6E7F7127FE08C300497AE0 /* AppDelegate.swift */ = {isa = PBXFileReference; lastKnownFileType = sourcecode.swift; path = AppDelegate.swift; sourceTree = "<group>"; };
		6F6E7F7327FE08C300497AE0 /* SceneDelegate.swift */ = {isa = PBXFileReference; lastKnownFileType = sourcecode.swift; path = SceneDelegate.swift; sourceTree = "<group>"; };
		6F6E7F7527FE08C300497AE0 /* ViewController.swift */ = {isa = PBXFileReference; lastKnownFileType = sourcecode.swift; path = ViewController.swift; sourceTree = "<group>"; };
		6F6E7F7827FE08C300497AE0 /* Base */ = {isa = PBXFileReference; lastKnownFileType = file.storyboard; name = Base; path = Base.lproj/Main.storyboard; sourceTree = "<group>"; };
		6F6E7F7A27FE08C400497AE0 /* Assets.xcassets */ = {isa = PBXFileReference; lastKnownFileType = folder.assetcatalog; path = Assets.xcassets; sourceTree = "<group>"; };
		6F6E7F7D27FE08C400497AE0 /* Base */ = {isa = PBXFileReference; lastKnownFileType = file.storyboard; name = Base; path = Base.lproj/LaunchScreen.storyboard; sourceTree = "<group>"; };
		6F6E7F7F27FE08C400497AE0 /* Info.plist */ = {isa = PBXFileReference; lastKnownFileType = text.plist.xml; path = Info.plist; sourceTree = "<group>"; };
		6F6E7F8727FE095A00497AE0 /* DifficultySection.swift */ = {isa = PBXFileReference; lastKnownFileType = sourcecode.swift; path = DifficultySection.swift; sourceTree = "<group>"; };
		6F6E7F8927FE09A400497AE0 /* RoundSection.swift */ = {isa = PBXFileReference; lastKnownFileType = sourcecode.swift; path = RoundSection.swift; sourceTree = "<group>"; };
		6F6E7F8B27FE1A2C00497AE0 /* DoneRoundSection.swift */ = {isa = PBXFileReference; lastKnownFileType = sourcecode.swift; path = DoneRoundSection.swift; sourceTree = "<group>"; };
		6F6E7F8E27FE1DE500497AE0 /* GameViewController.swift */ = {isa = PBXFileReference; lastKnownFileType = sourcecode.swift; path = GameViewController.swift; sourceTree = "<group>"; };
		6F6E7F9227FE26AD00497AE0 /* GameInfoModel.swift */ = {isa = PBXFileReference; lastKnownFileType = sourcecode.swift; path = GameInfoModel.swift; sourceTree = "<group>"; };
/* End PBXFileReference section */

/* Begin PBXFrameworksBuildPhase section */
		6F6E7F6B27FE08C300497AE0 /* Frameworks */ = {
			isa = PBXFrameworksBuildPhase;
			buildActionMask = 2147483647;
			files = (
			);
			runOnlyForDeploymentPostprocessing = 0;
		};
/* End PBXFrameworksBuildPhase section */

/* Begin PBXGroup section */
		6F6E7F6527FE08C300497AE0 = {
			isa = PBXGroup;
			children = (
				6F6E7F7027FE08C300497AE0 /* MathGame */,
				6F6E7F6F27FE08C300497AE0 /* Products */,
			);
			sourceTree = "<group>";
		};
		6F6E7F6F27FE08C300497AE0 /* Products */ = {
			isa = PBXGroup;
			children = (
				6F6E7F6E27FE08C300497AE0 /* MathGame.app */,
			);
			name = Products;
			sourceTree = "<group>";
		};
		6F6E7F7027FE08C300497AE0 /* MathGame */ = {
			isa = PBXGroup;
			children = (
				6F6E7F8D27FE1DD400497AE0 /* ViewController */,
				6F6E7F8527FE093400497AE0 /* SubViews */,
				6F6E7F7127FE08C300497AE0 /* AppDelegate.swift */,
				6F6E7F7327FE08C300497AE0 /* SceneDelegate.swift */,
				6F6E7F7527FE08C300497AE0 /* ViewController.swift */,
				6F6E7F7727FE08C300497AE0 /* Main.storyboard */,
				6F6E7F7A27FE08C400497AE0 /* Assets.xcassets */,
				6F6E7F7C27FE08C400497AE0 /* LaunchScreen.storyboard */,
				6F6E7F7F27FE08C400497AE0 /* Info.plist */,
				6F6E7F9227FE26AD00497AE0 /* GameInfoModel.swift */,
			);
			path = MathGame;
			sourceTree = "<group>";
		};
		6F6E7F8527FE093400497AE0 /* SubViews */ = {
			isa = PBXGroup;
			children = (
				6F6E7F8727FE095A00497AE0 /* DifficultySection.swift */,
				6F6E7F8927FE09A400497AE0 /* RoundSection.swift */,
				6F6E7F8B27FE1A2C00497AE0 /* DoneRoundSection.swift */,
			);
			path = SubViews;
			sourceTree = "<group>";
		};
		6F6E7F8D27FE1DD400497AE0 /* ViewController */ = {
			isa = PBXGroup;
			children = (
				6F6E7F8E27FE1DE500497AE0 /* GameViewController.swift */,
			);
			path = ViewController;
			sourceTree = "<group>";
		};
/* End PBXGroup section */

/* Begin PBXNativeTarget section */
		6F6E7F6D27FE08C300497AE0 /* MathGame */ = {
			isa = PBXNativeTarget;
			buildConfigurationList = 6F6E7F8227FE08C400497AE0 /* Build configuration list for PBXNativeTarget "MathGame" */;
			buildPhases = (
				6F6E7F6A27FE08C300497AE0 /* Sources */,
				6F6E7F6B27FE08C300497AE0 /* Frameworks */,
				6F6E7F6C27FE08C300497AE0 /* Resources */,
			);
			buildRules = (
			);
			dependencies = (
			);
			name = MathGame;
			productName = MathGame;
			productReference = 6F6E7F6E27FE08C300497AE0 /* MathGame.app */;
			productType = "com.apple.product-type.application";
		};
/* End PBXNativeTarget section */

/* Begin PBXProject section */
		6F6E7F6627FE08C300497AE0 /* Project object */ = {
			isa = PBXProject;
			attributes = {
				BuildIndependentTargetsInParallel = 1;
				LastSwiftUpdateCheck = 1310;
				LastUpgradeCheck = 1310;
				TargetAttributes = {
					6F6E7F6D27FE08C300497AE0 = {
						CreatedOnToolsVersion = 13.1;
					};
				};
			};
			buildConfigurationList = 6F6E7F6927FE08C300497AE0 /* Build configuration list for PBXProject "MathGame" */;
			compatibilityVersion = "Xcode 13.0";
			developmentRegion = en;
			hasScannedForEncodings = 0;
			knownRegions = (
				en,
				Base,
			);
			mainGroup = 6F6E7F6527FE08C300497AE0;
			productRefGroup = 6F6E7F6F27FE08C300497AE0 /* Products */;
			projectDirPath = "";
			projectRoot = "";
			targets = (
				6F6E7F6D27FE08C300497AE0 /* MathGame */,
			);
		};
/* End PBXProject section */

/* Begin PBXResourcesBuildPhase section */
		6F6E7F6C27FE08C300497AE0 /* Resources */ = {
			isa = PBXResourcesBuildPhase;
			buildActionMask = 2147483647;
			files = (
				6F6E7F7E27FE08C400497AE0 /* LaunchScreen.storyboard in Resources */,
				6F6E7F7B27FE08C400497AE0 /* Assets.xcassets in Resources */,
				6F6E7F7927FE08C300497AE0 /* Main.storyboard in Resources */,
			);
			runOnlyForDeploymentPostprocessing = 0;
		};
/* End PBXResourcesBuildPhase section */

/* Begin PBXSourcesBuildPhase section */
		6F6E7F6A27FE08C300497AE0 /* Sources */ = {
			isa = PBXSourcesBuildPhase;
			buildActionMask = 2147483647;
			files = (
				6F6E7F8F27FE1DE500497AE0 /* GameViewController.swift in Sources */,
				6F6E7F7627FE08C300497AE0 /* ViewController.swift in Sources */,
				6F6E7F7227FE08C300497AE0 /* AppDelegate.swift in Sources */,
				6F6E7F8827FE095A00497AE0 /* DifficultySection.swift in Sources */,
				6F6E7F8A27FE09A400497AE0 /* RoundSection.swift in Sources */,
				6F6E7F9327FE26AD00497AE0 /* GameInfoModel.swift in Sources */,
				6F6E7F8C27FE1A2C00497AE0 /* DoneRoundSection.swift in Sources */,
				6F6E7F7427FE08C300497AE0 /* SceneDelegate.swift in Sources */,
			);
			runOnlyForDeploymentPostprocessing = 0;
		};
/* End PBXSourcesBuildPhase section */

/* Begin PBXVariantGroup section */
		6F6E7F7727FE08C300497AE0 /* Main.storyboard */ = {
			isa = PBXVariantGroup;
			children = (
				6F6E7F7827FE08C300497AE0 /* Base */,
			);
			name = Main.storyboard;
			sourceTree = "<group>";
		};
		6F6E7F7C27FE08C400497AE0 /* LaunchScreen.storyboard */ = {
			isa = PBXVariantGroup;
			children = (
				6F6E7F7D27FE08C400497AE0 /* Base */,
			);
			name = LaunchScreen.storyboard;
			sourceTree = "<group>";
		};
/* End PBXVariantGroup section */

/* Begin XCBuildConfiguration section */
		6F6E7F8027FE08C400497AE0 /* Debug */ = {
			isa = XCBuildConfiguration;
			buildSettings = {
				ALWAYS_SEARCH_USER_PATHS = NO;
				CLANG_ANALYZER_NONNULL = YES;
				CLANG_ANALYZER_NUMBER_OBJECT_CONVERSION = YES_AGGRESSIVE;
				CLANG_CXX_LANGUAGE_STANDARD = "gnu++17";
				CLANG_CXX_LIBRARY = "libc++";
				CLANG_ENABLE_MODULES = YES;
				CLANG_ENABLE_OBJC_ARC = YES;
				CLANG_ENABLE_OBJC_WEAK = YES;
				CLANG_WARN_BLOCK_CAPTURE_AUTORELEASING = YES;
				CLANG_WARN_BOOL_CONVERSION = YES;
				CLANG_WARN_COMMA = YES;
				CLANG_WARN_CONSTANT_CONVERSION = YES;
				CLANG_WARN_DEPRECATED_OBJC_IMPLEMENTATIONS = YES;
				CLANG_WARN_DIRECT_OBJC_ISA_USAGE = YES_ERROR;
				CLANG_WARN_DOCUMENTATION_COMMENTS = YES;
				CLANG_WARN_EMPTY_BODY = YES;
				CLANG_WARN_ENUM_CONVERSION = YES;
				CLANG_WARN_INFINITE_RECURSION = YES;
				CLANG_WARN_INT_CONVERSION = YES;
				CLANG_WARN_NON_LITERAL_NULL_CONVERSION = YES;
				CLANG_WARN_OBJC_IMPLICIT_RETAIN_SELF = YES;
				CLANG_WARN_OBJC_LITERAL_CONVERSION = YES;
				CLANG_WARN_OBJC_ROOT_CLASS = YES_ERROR;
				CLANG_WARN_QUOTED_INCLUDE_IN_FRAMEWORK_HEADER = YES;
				CLANG_WARN_RANGE_LOOP_ANALYSIS = YES;
				CLANG_WARN_STRICT_PROTOTYPES = YES;
				CLANG_WARN_SUSPICIOUS_MOVE = YES;
				CLANG_WARN_UNGUARDED_AVAILABILITY = YES_AGGRESSIVE;
				CLANG_WARN_UNREACHABLE_CODE = YES;
				CLANG_WARN__DUPLICATE_METHOD_MATCH = YES;
				COPY_PHASE_STRIP = NO;
				DEBUG_INFORMATION_FORMAT = dwarf;
				ENABLE_STRICT_OBJC_MSGSEND = YES;
				ENABLE_TESTABILITY = YES;
				GCC_C_LANGUAGE_STANDARD = gnu11;
				GCC_DYNAMIC_NO_PIC = NO;
				GCC_NO_COMMON_BLOCKS = YES;
				GCC_OPTIMIZATION_LEVEL = 0;
				GCC_PREPROCESSOR_DEFINITIONS = (
					"DEBUG=1",
					"$(inherited)",
				);
				GCC_WARN_64_TO_32_BIT_CONVERSION = YES;
				GCC_WARN_ABOUT_RETURN_TYPE = YES_ERROR;
				GCC_WARN_UNDECLARED_SELECTOR = YES;
				GCC_WARN_UNINITIALIZED_AUTOS = YES_AGGRESSIVE;
				GCC_WARN_UNUSED_FUNCTION = YES;
				GCC_WARN_UNUSED_VARIABLE = YES;
				IPHONEOS_DEPLOYMENT_TARGET = 15.0;
				MTL_ENABLE_DEBUG_INFO = INCLUDE_SOURCE;
				MTL_FAST_MATH = YES;
				ONLY_ACTIVE_ARCH = YES;
				SDKROOT = iphoneos;
				SWIFT_ACTIVE_COMPILATION_CONDITIONS = DEBUG;
				SWIFT_OPTIMIZATION_LEVEL = "-Onone";
			};
			name = Debug;
		};
		6F6E7F8127FE08C400497AE0 /* Release */ = {
			isa = XCBuildConfiguration;
			buildSettings = {
				ALWAYS_SEARCH_USER_PATHS = NO;
				CLANG_ANALYZER_NONNULL = YES;
				CLANG_ANALYZER_NUMBER_OBJECT_CONVERSION = YES_AGGRESSIVE;
				CLANG_CXX_LANGUAGE_STANDARD = "gnu++17";
				CLANG_CXX_LIBRARY = "libc++";
				CLANG_ENABLE_MODULES = YES;
				CLANG_ENABLE_OBJC_ARC = YES;
				CLANG_ENABLE_OBJC_WEAK = YES;
				CLANG_WARN_BLOCK_CAPTURE_AUTORELEASING = YES;
				CLANG_WARN_BOOL_CONVERSION = YES;
				CLANG_WARN_COMMA = YES;
				CLANG_WARN_CONSTANT_CONVERSION = YES;
				CLANG_WARN_DEPRECATED_OBJC_IMPLEMENTATIONS = YES;
				CLANG_WARN_DIRECT_OBJC_ISA_USAGE = YES_ERROR;
				CLANG_WARN_DOCUMENTATION_COMMENTS = YES;
				CLANG_WARN_EMPTY_BODY = YES;
				CLANG_WARN_ENUM_CONVERSION = YES;
				CLANG_WARN_INFINITE_RECURSION = YES;
				CLANG_WARN_INT_CONVERSION = YES;
				CLANG_WARN_NON_LITERAL_NULL_CONVERSION = YES;
				CLANG_WARN_OBJC_IMPLICIT_RETAIN_SELF = YES;
				CLANG_WARN_OBJC_LITERAL_CONVERSION = YES;
				CLANG_WARN_OBJC_ROOT_CLASS = YES_ERROR;
				CLANG_WARN_QUOTED_INCLUDE_IN_FRAMEWORK_HEADER = YES;
				CLANG_WARN_RANGE_LOOP_ANALYSIS = YES;
				CLANG_WARN_STRICT_PROTOTYPES = YES;
				CLANG_WARN_SUSPICIOUS_MOVE = YES;
				CLANG_WARN_UNGUARDED_AVAILABILITY = YES_AGGRESSIVE;
				CLANG_WARN_UNREACHABLE_CODE = YES;
				CLANG_WARN__DUPLICATE_METHOD_MATCH = YES;
				COPY_PHASE_STRIP = NO;
				DEBUG_INFORMATION_FORMAT = "dwarf-with-dsym";
				ENABLE_NS_ASSERTIONS = NO;
				ENABLE_STRICT_OBJC_MSGSEND = YES;
				GCC_C_LANGUAGE_STANDARD = gnu11;
				GCC_NO_COMMON_BLOCKS = YES;
				GCC_WARN_64_TO_32_BIT_CONVERSION = YES;
				GCC_WARN_ABOUT_RETURN_TYPE = YES_ERROR;
				GCC_WARN_UNDECLARED_SELECTOR = YES;
				GCC_WARN_UNINITIALIZED_AUTOS = YES_AGGRESSIVE;
				GCC_WARN_UNUSED_FUNCTION = YES;
				GCC_WARN_UNUSED_VARIABLE = YES;
				IPHONEOS_DEPLOYMENT_TARGET = 15.0;
				MTL_ENABLE_DEBUG_INFO = NO;
				MTL_FAST_MATH = YES;
				SDKROOT = iphoneos;
				SWIFT_COMPILATION_MODE = wholemodule;
				SWIFT_OPTIMIZATION_LEVEL = "-O";
				VALIDATE_PRODUCT = YES;
			};
			name = Release;
		};
		6F6E7F8327FE08C400497AE0 /* Debug */ = {
			isa = XCBuildConfiguration;
			buildSettings = {
				ASSETCATALOG_COMPILER_APPICON_NAME = AppIcon;
				ASSETCATALOG_COMPILER_GLOBAL_ACCENT_COLOR_NAME = AccentColor;
				CODE_SIGN_STYLE = Automatic;
				CURRENT_PROJECT_VERSION = 1;
				DEVELOPMENT_TEAM = MJPQ63NMLD;
				GENERATE_INFOPLIST_FILE = YES;
				INFOPLIST_FILE = MathGame/Info.plist;
				INFOPLIST_KEY_UIApplicationSupportsIndirectInputEvents = YES;
				INFOPLIST_KEY_UILaunchStoryboardName = LaunchScreen;
				INFOPLIST_KEY_UISupportedInterfaceOrientations_iPad = "UIInterfaceOrientationPortrait UIInterfaceOrientationPortraitUpsideDown UIInterfaceOrientationLandscapeLeft UIInterfaceOrientationLandscapeRight";
				INFOPLIST_KEY_UISupportedInterfaceOrientations_iPhone = "UIInterfaceOrientationPortrait UIInterfaceOrientationLandscapeLeft UIInterfaceOrientationLandscapeRight";
				LD_RUNPATH_SEARCH_PATHS = (
					"$(inherited)",
					"@executable_path/Frameworks",
				);
				MARKETING_VERSION = 1.0;
				PRODUCT_BUNDLE_IDENTIFIER = com.freewithSwift.MathGame;
				PRODUCT_NAME = "$(TARGET_NAME)";
				SWIFT_EMIT_LOC_STRINGS = YES;
				SWIFT_VERSION = 5.0;
				TARGETED_DEVICE_FAMILY = "1,2";
			};
			name = Debug;
		};
		6F6E7F8427FE08C400497AE0 /* Release */ = {
			isa = XCBuildConfiguration;
			buildSettings = {
				ASSETCATALOG_COMPILER_APPICON_NAME = AppIcon;
				ASSETCATALOG_COMPILER_GLOBAL_ACCENT_COLOR_NAME = AccentColor;
				CODE_SIGN_STYLE = Automatic;
				CURRENT_PROJECT_VERSION = 1;
				DEVELOPMENT_TEAM = MJPQ63NMLD;
				GENERATE_INFOPLIST_FILE = YES;
				INFOPLIST_FILE = MathGame/Info.plist;
				INFOPLIST_KEY_UIApplicationSupportsIndirectInputEvents = YES;
				INFOPLIST_KEY_UILaunchStoryboardName = LaunchScreen;
				INFOPLIST_KEY_UISupportedInterfaceOrientations_iPad = "UIInterfaceOrientationPortrait UIInterfaceOrientationPortraitUpsideDown UIInterfaceOrientationLandscapeLeft UIInterfaceOrientationLandscapeRight";
				INFOPLIST_KEY_UISupportedInterfaceOrientations_iPhone = "UIInterfaceOrientationPortrait UIInterfaceOrientationLandscapeLeft UIInterfaceOrientationLandscapeRight";
				LD_RUNPATH_SEARCH_PATHS = (
					"$(inherited)",
					"@executable_path/Frameworks",
				);
				MARKETING_VERSION = 1.0;
				PRODUCT_BUNDLE_IDENTIFIER = com.freewithSwift.MathGame;
				PRODUCT_NAME = "$(TARGET_NAME)";
				SWIFT_EMIT_LOC_STRINGS = YES;
				SWIFT_VERSION = 5.0;
				TARGETED_DEVICE_FAMILY = "1,2";
			};
			name = Release;
		};
/* End XCBuildConfiguration section */

/* Begin XCConfigurationList section */
		6F6E7F6927FE08C300497AE0 /* Build configuration list for PBXProject "MathGame" */ = {
			isa = XCConfigurationList;
			buildConfigurations = (
				6F6E7F8027FE08C400497AE0 /* Debug */,
				6F6E7F8127FE08C400497AE0 /* Release */,
			);
			defaultConfigurationIsVisible = 0;
			defaultConfigurationName = Release;
		};
		6F6E7F8227FE08C400497AE0 /* Build configuration list for PBXNativeTarget "MathGame" */ = {
			isa = XCConfigurationList;
			buildConfigurations = (
				6F6E7F8327FE08C400497AE0 /* Debug */,
				6F6E7F8427FE08C400497AE0 /* Release */,
			);
			defaultConfigurationIsVisible = 0;
			defaultConfigurationName = Release;
		};
/* End XCConfigurationList section */
	};
	rootObject = 6F6E7F6627FE08C300497AE0 /* Project object */;
}
