// !$*UTF8*$!
{
	archiveVersion = 1;
	classes = {
	};
	objectVersion = 55;
	objects = {

/* Begin PBXBuildFile section */
		A20EE0702835F817001A7C9C /* TodoTableViewCell.swift in Sources */ = {isa = PBXBuildFile; fileRef = A20EE06F2835F817001A7C9C /* TodoTableViewCell.swift */; };
		A20EE0742835F82A001A7C9C /* TodoModel.swift in Sources */ = {isa = PBXBuildFile; fileRef = A20EE0732835F82A001A7C9C /* TodoModel.swift */; };
		A20EE0762835F831001A7C9C /* TodoViewModel.swift in Sources */ = {isa = PBXBuildFile; fileRef = A20EE0752835F831001A7C9C /* TodoViewModel.swift */; };
		A2446D762835DA6F0028834E /* AppDelegate.swift in Sources */ = {isa = PBXBuildFile; fileRef = A2446D752835DA6F0028834E /* AppDelegate.swift */; };
		A2446D782835DA6F0028834E /* SceneDelegate.swift in Sources */ = {isa = PBXBuildFile; fileRef = A2446D772835DA6F0028834E /* SceneDelegate.swift */; };
		A2446D7A2835DA6F0028834E /* ViewController.swift in Sources */ = {isa = PBXBuildFile; fileRef = A2446D792835DA6F0028834E /* ViewController.swift */; };
		A2446D7D2835DA6F0028834E /* Main.storyboard in Resources */ = {isa = PBXBuildFile; fileRef = A2446D7B2835DA6F0028834E /* Main.storyboard */; };
		A2446D7F2835DA6F0028834E /* Assets.xcassets in Resources */ = {isa = PBXBuildFile; fileRef = A2446D7E2835DA6F0028834E /* Assets.xcassets */; };
		A2446D822835DA6F0028834E /* LaunchScreen.storyboard in Resources */ = {isa = PBXBuildFile; fileRef = A2446D802835DA6F0028834E /* LaunchScreen.storyboard */; };
/* End PBXBuildFile section */

/* Begin PBXFileReference section */
		A20EE06F2835F817001A7C9C /* TodoTableViewCell.swift */ = {isa = PBXFileReference; lastKnownFileType = sourcecode.swift; path = TodoTableViewCell.swift; sourceTree = "<group>"; };
		A20EE0732835F82A001A7C9C /* TodoModel.swift */ = {isa = PBXFileReference; lastKnownFileType = sourcecode.swift; path = TodoModel.swift; sourceTree = "<group>"; };
		A20EE0752835F831001A7C9C /* TodoViewModel.swift */ = {isa = PBXFileReference; lastKnownFileType = sourcecode.swift; path = TodoViewModel.swift; sourceTree = "<group>"; };
		A2446D722835DA6F0028834E /* TodoApp_MVVM.app */ = {isa = PBXFileReference; explicitFileType = wrapper.application; includeInIndex = 0; path = TodoApp_MVVM.app; sourceTree = BUILT_PRODUCTS_DIR; };
		A2446D752835DA6F0028834E /* AppDelegate.swift */ = {isa = PBXFileReference; lastKnownFileType = sourcecode.swift; path = AppDelegate.swift; sourceTree = "<group>"; };
		A2446D772835DA6F0028834E /* SceneDelegate.swift */ = {isa = PBXFileReference; lastKnownFileType = sourcecode.swift; path = SceneDelegate.swift; sourceTree = "<group>"; };
		A2446D792835DA6F0028834E /* ViewController.swift */ = {isa = PBXFileReference; lastKnownFileType = sourcecode.swift; path = ViewController.swift; sourceTree = "<group>"; };
		A2446D7C2835DA6F0028834E /* Base */ = {isa = PBXFileReference; lastKnownFileType = file.storyboard; name = Base; path = Base.lproj/Main.storyboard; sourceTree = "<group>"; };
		A2446D7E2835DA6F0028834E /* Assets.xcassets */ = {isa = PBXFileReference; lastKnownFileType = folder.assetcatalog; path = Assets.xcassets; sourceTree = "<group>"; };
		A2446D812835DA6F0028834E /* Base */ = {isa = PBXFileReference; lastKnownFileType = file.storyboard; name = Base; path = Base.lproj/LaunchScreen.storyboard; sourceTree = "<group>"; };
		A2446D832835DA6F0028834E /* Info.plist */ = {isa = PBXFileReference; lastKnownFileType = text.plist.xml; path = Info.plist; sourceTree = "<group>"; };
/* End PBXFileReference section */

/* Begin PBXFrameworksBuildPhase section */
		A2446D6F2835DA6F0028834E /* Frameworks */ = {
			isa = PBXFrameworksBuildPhase;
			buildActionMask = 2147483647;
			files = (
			);
			runOnlyForDeploymentPostprocessing = 0;
		};
/* End PBXFrameworksBuildPhase section */

/* Begin PBXGroup section */
		A20EE0772835F838001A7C9C /* Cell */ = {
			isa = PBXGroup;
			children = (
				A20EE06F2835F817001A7C9C /* TodoTableViewCell.swift */,
			);
			path = Cell;
			sourceTree = "<group>";
		};
		A20EE0782835F83C001A7C9C /* Model */ = {
			isa = PBXGroup;
			children = (
				A20EE0732835F82A001A7C9C /* TodoModel.swift */,
			);
			path = Model;
			sourceTree = "<group>";
		};
		A20EE0792835F840001A7C9C /* ViewModel */ = {
			isa = PBXGroup;
			children = (
				A20EE0752835F831001A7C9C /* TodoViewModel.swift */,
			);
			path = ViewModel;
			sourceTree = "<group>";
		};
		A2446D692835DA6F0028834E = {
			isa = PBXGroup;
			children = (
				A2446D742835DA6F0028834E /* TodoApp_MVVM */,
				A2446D732835DA6F0028834E /* Products */,
			);
			sourceTree = "<group>";
		};
		A2446D732835DA6F0028834E /* Products */ = {
			isa = PBXGroup;
			children = (
				A2446D722835DA6F0028834E /* TodoApp_MVVM.app */,
			);
			name = Products;
			sourceTree = "<group>";
		};
		A2446D742835DA6F0028834E /* TodoApp_MVVM */ = {
			isa = PBXGroup;
			children = (
				A2446D892835DFFC0028834E /* App */,
				A20EE0782835F83C001A7C9C /* Model */,
				A20EE0792835F840001A7C9C /* ViewModel */,
				A20EE0772835F838001A7C9C /* Cell */,
				A2446D8A2835E0110028834E /* ViewController */,
				A2446D7B2835DA6F0028834E /* Main.storyboard */,
				A2446D802835DA6F0028834E /* LaunchScreen.storyboard */,
				A2446D7E2835DA6F0028834E /* Assets.xcassets */,
				A2446D832835DA6F0028834E /* Info.plist */,
			);
			path = TodoApp_MVVM;
			sourceTree = "<group>";
		};
		A2446D892835DFFC0028834E /* App */ = {
			isa = PBXGroup;
			children = (
				A2446D752835DA6F0028834E /* AppDelegate.swift */,
				A2446D772835DA6F0028834E /* SceneDelegate.swift */,
			);
			path = App;
			sourceTree = "<group>";
		};
		A2446D8A2835E0110028834E /* ViewController */ = {
			isa = PBXGroup;
			children = (
				A2446D792835DA6F0028834E /* ViewController.swift */,
			);
			path = ViewController;
			sourceTree = "<group>";
		};
/* End PBXGroup section */

/* Begin PBXNativeTarget section */
		A2446D712835DA6F0028834E /* TodoApp_MVVM */ = {
			isa = PBXNativeTarget;
			buildConfigurationList = A2446D862835DA6F0028834E /* Build configuration list for PBXNativeTarget "TodoApp_MVVM" */;
			buildPhases = (
				A2446D6E2835DA6F0028834E /* Sources */,
				A2446D6F2835DA6F0028834E /* Frameworks */,
				A2446D702835DA6F0028834E /* Resources */,
			);
			buildRules = (
			);
			dependencies = (
			);
			name = TodoApp_MVVM;
			productName = TodoApp_MVVM;
			productReference = A2446D722835DA6F0028834E /* TodoApp_MVVM.app */;
			productType = "com.apple.product-type.application";
		};
/* End PBXNativeTarget section */

/* Begin PBXProject section */
		A2446D6A2835DA6F0028834E /* Project object */ = {
			isa = PBXProject;
			attributes = {
				BuildIndependentTargetsInParallel = 1;
				LastSwiftUpdateCheck = 1320;
				LastUpgradeCheck = 1320;
				TargetAttributes = {
					A2446D712835DA6F0028834E = {
						CreatedOnToolsVersion = 13.2.1;
					};
				};
			};
			buildConfigurationList = A2446D6D2835DA6F0028834E /* Build configuration list for PBXProject "TodoApp_MVVM" */;
			compatibilityVersion = "Xcode 13.0";
			developmentRegion = en;
			hasScannedForEncodings = 0;
			knownRegions = (
				en,
				Base,
			);
			mainGroup = A2446D692835DA6F0028834E;
			productRefGroup = A2446D732835DA6F0028834E /* Products */;
			projectDirPath = "";
			projectRoot = "";
			targets = (
				A2446D712835DA6F0028834E /* TodoApp_MVVM */,
			);
		};
/* End PBXProject section */

/* Begin PBXResourcesBuildPhase section */
		A2446D702835DA6F0028834E /* Resources */ = {
			isa = PBXResourcesBuildPhase;
			buildActionMask = 2147483647;
			files = (
				A2446D822835DA6F0028834E /* LaunchScreen.storyboard in Resources */,
				A2446D7F2835DA6F0028834E /* Assets.xcassets in Resources */,
				A2446D7D2835DA6F0028834E /* Main.storyboard in Resources */,
			);
			runOnlyForDeploymentPostprocessing = 0;
		};
/* End PBXResourcesBuildPhase section */

/* Begin PBXSourcesBuildPhase section */
		A2446D6E2835DA6F0028834E /* Sources */ = {
			isa = PBXSourcesBuildPhase;
			buildActionMask = 2147483647;
			files = (
				A20EE0762835F831001A7C9C /* TodoViewModel.swift in Sources */,
				A2446D7A2835DA6F0028834E /* ViewController.swift in Sources */,
				A2446D762835DA6F0028834E /* AppDelegate.swift in Sources */,
				A2446D782835DA6F0028834E /* SceneDelegate.swift in Sources */,
				A20EE0742835F82A001A7C9C /* TodoModel.swift in Sources */,
				A20EE0702835F817001A7C9C /* TodoTableViewCell.swift in Sources */,
			);
			runOnlyForDeploymentPostprocessing = 0;
		};
/* End PBXSourcesBuildPhase section */

/* Begin PBXVariantGroup section */
		A2446D7B2835DA6F0028834E /* Main.storyboard */ = {
			isa = PBXVariantGroup;
			children = (
				A2446D7C2835DA6F0028834E /* Base */,
			);
			name = Main.storyboard;
			sourceTree = "<group>";
		};
		A2446D802835DA6F0028834E /* LaunchScreen.storyboard */ = {
			isa = PBXVariantGroup;
			children = (
				A2446D812835DA6F0028834E /* Base */,
			);
			name = LaunchScreen.storyboard;
			sourceTree = "<group>";
		};
/* End PBXVariantGroup section */

/* Begin XCBuildConfiguration section */
		A2446D842835DA6F0028834E /* Debug */ = {
			isa = XCBuildConfiguration;
			buildSettings = {
				ALWAYS_SEARCH_USER_PATHS = NO;
				CLANG_ANALYZER_NONNULL = YES;
				CLANG_ANALYZER_NUMBER_OBJECT_CONVERSION = YES_AGGRESSIVE;
				CLANG_CXX_LANGUAGE_STANDARD = "gnu++17";
				CLANG_CXX_LIBRARY = "libc++";
				CLANG_ENABLE_MODULES = YES;
				CLANG_ENABLE_OBJC_ARC = YES;
				CLANG_ENABLE_OBJC_WEAK = YES;
				CLANG_WARN_BLOCK_CAPTURE_AUTORELEASING = YES;
				CLANG_WARN_BOOL_CONVERSION = YES;
				CLANG_WARN_COMMA = YES;
				CLANG_WARN_CONSTANT_CONVERSION = YES;
				CLANG_WARN_DEPRECATED_OBJC_IMPLEMENTATIONS = YES;
				CLANG_WARN_DIRECT_OBJC_ISA_USAGE = YES_ERROR;
				CLANG_WARN_DOCUMENTATION_COMMENTS = YES;
				CLANG_WARN_EMPTY_BODY = YES;
				CLANG_WARN_ENUM_CONVERSION = YES;
				CLANG_WARN_INFINITE_RECURSION = YES;
				CLANG_WARN_INT_CONVERSION = YES;
				CLANG_WARN_NON_LITERAL_NULL_CONVERSION = YES;
				CLANG_WARN_OBJC_IMPLICIT_RETAIN_SELF = YES;
				CLANG_WARN_OBJC_LITERAL_CONVERSION = YES;
				CLANG_WARN_OBJC_ROOT_CLASS = YES_ERROR;
				CLANG_WARN_QUOTED_INCLUDE_IN_FRAMEWORK_HEADER = YES;
				CLANG_WARN_RANGE_LOOP_ANALYSIS = YES;
				CLANG_WARN_STRICT_PROTOTYPES = YES;
				CLANG_WARN_SUSPICIOUS_MOVE = YES;
				CLANG_WARN_UNGUARDED_AVAILABILITY = YES_AGGRESSIVE;
				CLANG_WARN_UNREACHABLE_CODE = YES;
				CLANG_WARN__DUPLICATE_METHOD_MATCH = YES;
				COPY_PHASE_STRIP = NO;
				DEBUG_INFORMATION_FORMAT = dwarf;
				ENABLE_STRICT_OBJC_MSGSEND = YES;
				ENABLE_TESTABILITY = YES;
				GCC_C_LANGUAGE_STANDARD = gnu11;
				GCC_DYNAMIC_NO_PIC = NO;
				GCC_NO_COMMON_BLOCKS = YES;
				GCC_OPTIMIZATION_LEVEL = 0;
				GCC_PREPROCESSOR_DEFINITIONS = (
					"DEBUG=1",
					"$(inherited)",
				);
				GCC_WARN_64_TO_32_BIT_CONVERSION = YES;
				GCC_WARN_ABOUT_RETURN_TYPE = YES_ERROR;
				GCC_WARN_UNDECLARED_SELECTOR = YES;
				GCC_WARN_UNINITIALIZED_AUTOS = YES_AGGRESSIVE;
				GCC_WARN_UNUSED_FUNCTION = YES;
				GCC_WARN_UNUSED_VARIABLE = YES;
				IPHONEOS_DEPLOYMENT_TARGET = 15.2;
				MTL_ENABLE_DEBUG_INFO = INCLUDE_SOURCE;
				MTL_FAST_MATH = YES;
				ONLY_ACTIVE_ARCH = YES;
				SDKROOT = iphoneos;
				SWIFT_ACTIVE_COMPILATION_CONDITIONS = DEBUG;
				SWIFT_OPTIMIZATION_LEVEL = "-Onone";
			};
			name = Debug;
		};
		A2446D852835DA6F0028834E /* Release */ = {
			isa = XCBuildConfiguration;
			buildSettings = {
				ALWAYS_SEARCH_USER_PATHS = NO;
				CLANG_ANALYZER_NONNULL = YES;
				CLANG_ANALYZER_NUMBER_OBJECT_CONVERSION = YES_AGGRESSIVE;
				CLANG_CXX_LANGUAGE_STANDARD = "gnu++17";
				CLANG_CXX_LIBRARY = "libc++";
				CLANG_ENABLE_MODULES = YES;
				CLANG_ENABLE_OBJC_ARC = YES;
				CLANG_ENABLE_OBJC_WEAK = YES;
				CLANG_WARN_BLOCK_CAPTURE_AUTORELEASING = YES;
				CLANG_WARN_BOOL_CONVERSION = YES;
				CLANG_WARN_COMMA = YES;
				CLANG_WARN_CONSTANT_CONVERSION = YES;
				CLANG_WARN_DEPRECATED_OBJC_IMPLEMENTATIONS = YES;
				CLANG_WARN_DIRECT_OBJC_ISA_USAGE = YES_ERROR;
				CLANG_WARN_DOCUMENTATION_COMMENTS = YES;
				CLANG_WARN_EMPTY_BODY = YES;
				CLANG_WARN_ENUM_CONVERSION = YES;
				CLANG_WARN_INFINITE_RECURSION = YES;
				CLANG_WARN_INT_CONVERSION = YES;
				CLANG_WARN_NON_LITERAL_NULL_CONVERSION = YES;
				CLANG_WARN_OBJC_IMPLICIT_RETAIN_SELF = YES;
				CLANG_WARN_OBJC_LITERAL_CONVERSION = YES;
				CLANG_WARN_OBJC_ROOT_CLASS = YES_ERROR;
				CLANG_WARN_QUOTED_INCLUDE_IN_FRAMEWORK_HEADER = YES;
				CLANG_WARN_RANGE_LOOP_ANALYSIS = YES;
				CLANG_WARN_STRICT_PROTOTYPES = YES;
				CLANG_WARN_SUSPICIOUS_MOVE = YES;
				CLANG_WARN_UNGUARDED_AVAILABILITY = YES_AGGRESSIVE;
				CLANG_WARN_UNREACHABLE_CODE = YES;
				CLANG_WARN__DUPLICATE_METHOD_MATCH = YES;
				COPY_PHASE_STRIP = NO;
				DEBUG_INFORMATION_FORMAT = "dwarf-with-dsym";
				ENABLE_NS_ASSERTIONS = NO;
				ENABLE_STRICT_OBJC_MSGSEND = YES;
				GCC_C_LANGUAGE_STANDARD = gnu11;
				GCC_NO_COMMON_BLOCKS = YES;
				GCC_WARN_64_TO_32_BIT_CONVERSION = YES;
				GCC_WARN_ABOUT_RETURN_TYPE = YES_ERROR;
				GCC_WARN_UNDECLARED_SELECTOR = YES;
				GCC_WARN_UNINITIALIZED_AUTOS = YES_AGGRESSIVE;
				GCC_WARN_UNUSED_FUNCTION = YES;
				GCC_WARN_UNUSED_VARIABLE = YES;
				IPHONEOS_DEPLOYMENT_TARGET = 15.2;
				MTL_ENABLE_DEBUG_INFO = NO;
				MTL_FAST_MATH = YES;
				SDKROOT = iphoneos;
				SWIFT_COMPILATION_MODE = wholemodule;
				SWIFT_OPTIMIZATION_LEVEL = "-O";
				VALIDATE_PRODUCT = YES;
			};
			name = Release;
		};
		A2446D872835DA6F0028834E /* Debug */ = {
			isa = XCBuildConfiguration;
			buildSettings = {
				ASSETCATALOG_COMPILER_APPICON_NAME = AppIcon;
				ASSETCATALOG_COMPILER_GLOBAL_ACCENT_COLOR_NAME = AccentColor;
				CODE_SIGN_STYLE = Automatic;
				CURRENT_PROJECT_VERSION = 1;
				DEVELOPMENT_TEAM = LM9BKUSL5K;
				GENERATE_INFOPLIST_FILE = YES;
				INFOPLIST_FILE = TodoApp_MVVM/Info.plist;
				INFOPLIST_KEY_UIApplicationSupportsIndirectInputEvents = YES;
				INFOPLIST_KEY_UILaunchStoryboardName = LaunchScreen;
				INFOPLIST_KEY_UIMainStoryboardFile = Main;
				INFOPLIST_KEY_UISupportedInterfaceOrientations_iPad = "UIInterfaceOrientationPortrait UIInterfaceOrientationPortraitUpsideDown UIInterfaceOrientationLandscapeLeft UIInterfaceOrientationLandscapeRight";
				INFOPLIST_KEY_UISupportedInterfaceOrientations_iPhone = "UIInterfaceOrientationPortrait UIInterfaceOrientationLandscapeLeft UIInterfaceOrientationLandscapeRight";
				LD_RUNPATH_SEARCH_PATHS = (
					"$(inherited)",
					"@executable_path/Frameworks",
				);
				MARKETING_VERSION = 1.0;
				PRODUCT_BUNDLE_IDENTIFIER = "shop.eunsuseo.TodoApp-MVVM";
				PRODUCT_NAME = "$(TARGET_NAME)";
				SWIFT_EMIT_LOC_STRINGS = YES;
				SWIFT_VERSION = 5.0;
				TARGETED_DEVICE_FAMILY = "1,2";
			};
			name = Debug;
		};
		A2446D882835DA6F0028834E /* Release */ = {
			isa = XCBuildConfiguration;
			buildSettings = {
				ASSETCATALOG_COMPILER_APPICON_NAME = AppIcon;
				ASSETCATALOG_COMPILER_GLOBAL_ACCENT_COLOR_NAME = AccentColor;
				CODE_SIGN_STYLE = Automatic;
				CURRENT_PROJECT_VERSION = 1;
				DEVELOPMENT_TEAM = LM9BKUSL5K;
				GENERATE_INFOPLIST_FILE = YES;
				INFOPLIST_FILE = TodoApp_MVVM/Info.plist;
				INFOPLIST_KEY_UIApplicationSupportsIndirectInputEvents = YES;
				INFOPLIST_KEY_UILaunchStoryboardName = LaunchScreen;
				INFOPLIST_KEY_UIMainStoryboardFile = Main;
				INFOPLIST_KEY_UISupportedInterfaceOrientations_iPad = "UIInterfaceOrientationPortrait UIInterfaceOrientationPortraitUpsideDown UIInterfaceOrientationLandscapeLeft UIInterfaceOrientationLandscapeRight";
				INFOPLIST_KEY_UISupportedInterfaceOrientations_iPhone = "UIInterfaceOrientationPortrait UIInterfaceOrientationLandscapeLeft UIInterfaceOrientationLandscapeRight";
				LD_RUNPATH_SEARCH_PATHS = (
					"$(inherited)",
					"@executable_path/Frameworks",
				);
				MARKETING_VERSION = 1.0;
				PRODUCT_BUNDLE_IDENTIFIER = "shop.eunsuseo.TodoApp-MVVM";
				PRODUCT_NAME = "$(TARGET_NAME)";
				SWIFT_EMIT_LOC_STRINGS = YES;
				SWIFT_VERSION = 5.0;
				TARGETED_DEVICE_FAMILY = "1,2";
			};
			name = Release;
		};
/* End XCBuildConfiguration section */

/* Begin XCConfigurationList section */
		A2446D6D2835DA6F0028834E /* Build configuration list for PBXProject "TodoApp_MVVM" */ = {
			isa = XCConfigurationList;
			buildConfigurations = (
				A2446D842835DA6F0028834E /* Debug */,
				A2446D852835DA6F0028834E /* Release */,
			);
			defaultConfigurationIsVisible = 0;
			defaultConfigurationName = Release;
		};
		A2446D862835DA6F0028834E /* Build configuration list for PBXNativeTarget "TodoApp_MVVM" */ = {
			isa = XCConfigurationList;
			buildConfigurations = (
				A2446D872835DA6F0028834E /* Debug */,
				A2446D882835DA6F0028834E /* Release */,
			);
			defaultConfigurationIsVisible = 0;
			defaultConfigurationName = Release;
		};
/* End XCConfigurationList section */
	};
	rootObject = A2446D6A2835DA6F0028834E /* Project object */;
}
